
Microsoft Visual Studio Solution File, Format Version 12.00
# Visual Studio Version 17
VisualStudioVersion = 17.5.002.0
MinimumVisualStudioVersion = 10.0.40219.1
Project("{9A19103F-16F7-4668-BE54-9A1E7A4F7556}") = "Sem1Task0", "Sem1Task0\Sem1Task0.csproj", "{CDCECC3A-8B59-40D9-9292-60087DF8348D}"
EndProject
Global
	GlobalSection(SolutionConfigurationPlatforms) = preSolution
		Debug|Any CPU = Debug|Any CPU
		Release|Any CPU = Release|Any CPU
	EndGlobalSection
	GlobalSection(ProjectConfigurationPlatforms) = postSolution
		{CDCECC3A-8B59-40D9-9292-60087DF8348D}.Debug|Any CPU.ActiveCfg = Debug|Any CPU
		{CDCECC3A-8B59-40D9-9292-60087DF8348D}.Debug|Any CPU.Build.0 = Debug|Any CPU
		{CDCECC3A-8B59-40D9-9292-60087DF8348D}.Release|Any CPU.ActiveCfg = Release|Any CPU
		{CDCECC3A-8B59-40D9-9292-60087DF8348D}.Release|Any CPU.Build.0 = Release|Any CPU
	EndGlobalSection
	GlobalSection(SolutionProperties) = preSolution
		HideSolutionNode = FALSE
	EndGlobalSection
	GlobalSection(ExtensibilityGlobals) = postSolution
		SolutionGuid = {4C5D65AF-FDDC-411A-A530-1528F63B3C5B}
	EndGlobalSection
EndGlobal
